
Microsoft Visual Studio Solution File, Format Version 12.00
# Visual Studio 15
VisualStudioVersion = 15.0.27703.2047
MinimumVisualStudioVersion = 10.0.40219.1
Project("{FAE04EC0-301F-11D3-BF4B-00C04F79EFBC}") = "eShop.Core", "eShop.Core\eShop.Core.csproj", "{ABDBABBE-1A4F-4F23-98FD-7C452103E666}"
EndProject
Project("{FAE04EC0-301F-11D3-BF4B-00C04F79EFBC}") = "eShop.Services", "eShop.Services\eShop.Services.csproj", "{F14812EB-41E6-451E-9B89-1D1E7973D98B}"
EndProject
Project("{FAE04EC0-301F-11D3-BF4B-00C04F79EFBC}") = "eShop.DataAccess.SQL", "eShop.DataAccess.SQL\eShop.DataAccess.SQL.csproj", "{5EA4F4D3-461B-409C-94DC-5B0976ECC259}"
EndProject
Project("{FAE04EC0-301F-11D3-BF4B-00C04F79EFBC}") = "eShop.DataAccess.InMemory", "eShop.DataAccess.InMemory\eShop.DataAccess.InMemory.csproj", "{8F816C15-0320-490D-BECF-9BFB21E9BD11}"
EndProject
Project("{FAE04EC0-301F-11D3-BF4B-00C04F79EFBC}") = "eShop.WebUI", "eShop.WebUI\eShop.WebUI.csproj", "{C4E810C1-FC14-4B0F-8FB8-8511061D0202}"
EndProject
Project("{FAE04EC0-301F-11D3-BF4B-00C04F79EFBC}") = "eShop.WebUI.Tests", "eShop.WebUI.Tests\eShop.WebUI.Tests.csproj", "{A2AA4AF9-CBA7-452C-9AC3-E1B985E5A21C}"
EndProject
Global
	GlobalSection(SolutionConfigurationPlatforms) = preSolution
		Debug|Any CPU = Debug|Any CPU
		Release|Any CPU = Release|Any CPU
	EndGlobalSection
	GlobalSection(ProjectConfigurationPlatforms) = postSolution
		{ABDBABBE-1A4F-4F23-98FD-7C452103E666}.Debug|Any CPU.ActiveCfg = Debug|Any CPU
		{ABDBABBE-1A4F-4F23-98FD-7C452103E666}.Debug|Any CPU.Build.0 = Debug|Any CPU
		{ABDBABBE-1A4F-4F23-98FD-7C452103E666}.Release|Any CPU.ActiveCfg = Release|Any CPU
		{ABDBABBE-1A4F-4F23-98FD-7C452103E666}.Release|Any CPU.Build.0 = Release|Any CPU
		{F14812EB-41E6-451E-9B89-1D1E7973D98B}.Debug|Any CPU.ActiveCfg = Debug|Any CPU
		{F14812EB-41E6-451E-9B89-1D1E7973D98B}.Debug|Any CPU.Build.0 = Debug|Any CPU
		{F14812EB-41E6-451E-9B89-1D1E7973D98B}.Release|Any CPU.ActiveCfg = Release|Any CPU
		{F14812EB-41E6-451E-9B89-1D1E7973D98B}.Release|Any CPU.Build.0 = Release|Any CPU
		{5EA4F4D3-461B-409C-94DC-5B0976ECC259}.Debug|Any CPU.ActiveCfg = Debug|Any CPU
		{5EA4F4D3-461B-409C-94DC-5B0976ECC259}.Debug|Any CPU.Build.0 = Debug|Any CPU
		{5EA4F4D3-461B-409C-94DC-5B0976ECC259}.Release|Any CPU.ActiveCfg = Release|Any CPU
		{5EA4F4D3-461B-409C-94DC-5B0976ECC259}.Release|Any CPU.Build.0 = Release|Any CPU
		{8F816C15-0320-490D-BECF-9BFB21E9BD11}.Debug|Any CPU.ActiveCfg = Debug|Any CPU
		{8F816C15-0320-490D-BECF-9BFB21E9BD11}.Debug|Any CPU.Build.0 = Debug|Any CPU
		{8F816C15-0320-490D-BECF-9BFB21E9BD11}.Release|Any CPU.ActiveCfg = Release|Any CPU
		{8F816C15-0320-490D-BECF-9BFB21E9BD11}.Release|Any CPU.Build.0 = Release|Any CPU
		{C4E810C1-FC14-4B0F-8FB8-8511061D0202}.Debug|Any CPU.ActiveCfg = Debug|Any CPU
		{C4E810C1-FC14-4B0F-8FB8-8511061D0202}.Debug|Any CPU.Build.0 = Debug|Any CPU
		{C4E810C1-FC14-4B0F-8FB8-8511061D0202}.Release|Any CPU.ActiveCfg = Release|Any CPU
		{C4E810C1-FC14-4B0F-8FB8-8511061D0202}.Release|Any CPU.Build.0 = Release|Any CPU
		{A2AA4AF9-CBA7-452C-9AC3-E1B985E5A21C}.Debug|Any CPU.ActiveCfg = Debug|Any CPU
		{A2AA4AF9-CBA7-452C-9AC3-E1B985E5A21C}.Debug|Any CPU.Build.0 = Debug|Any CPU
		{A2AA4AF9-CBA7-452C-9AC3-E1B985E5A21C}.Release|Any CPU.ActiveCfg = Release|Any CPU
		{A2AA4AF9-CBA7-452C-9AC3-E1B985E5A21C}.Release|Any CPU.Build.0 = Release|Any CPU
	EndGlobalSection
	GlobalSection(SolutionProperties) = preSolution
		HideSolutionNode = FALSE
	EndGlobalSection
	GlobalSection(ExtensibilityGlobals) = postSolution
		SolutionGuid = {C23F7127-AA53-4365-87B7-E9EDD7E78498}
	EndGlobalSection
EndGlobal
